
Microsoft Visual Studio Solution File, Format Version 12.00
# Visual Studio Version 17
VisualStudioVersion = 17.12.35527.113 d17.12
MinimumVisualStudioVersion = 10.0.40219.1
Project("{FAE04EC0-301F-11D3-BF4B-00C04F79EFBC}") = "RigolScopeViewer", "RigolScopeViewer\RigolScopeViewer.csproj", "{7A6C8CEE-153D-4F14-A9F6-A92C0C42C2D4}"
EndProject
Project("{FAE04EC0-301F-11D3-BF4B-00C04F79EFBC}") = "RigolScopeViewer.Desktop", "RigolScopeViewer.Desktop\RigolScopeViewer.Desktop.csproj", "{49F3E580-2555-4EC8-B30A-13786049B5D0}"
EndProject
Global
	GlobalSection(SolutionConfigurationPlatforms) = preSolution
		Debug|Any CPU = Debug|Any CPU
		Release|Any CPU = Release|Any CPU
	EndGlobalSection
	GlobalSection(ProjectConfigurationPlatforms) = postSolution
		{7A6C8CEE-153D-4F14-A9F6-A92C0C42C2D4}.Debug|Any CPU.ActiveCfg = Debug|Any CPU
		{7A6C8CEE-153D-4F14-A9F6-A92C0C42C2D4}.Debug|Any CPU.Build.0 = Debug|Any CPU
		{7A6C8CEE-153D-4F14-A9F6-A92C0C42C2D4}.Release|Any CPU.ActiveCfg = Release|Any CPU
		{7A6C8CEE-153D-4F14-A9F6-A92C0C42C2D4}.Release|Any CPU.Build.0 = Release|Any CPU
		{49F3E580-2555-4EC8-B30A-13786049B5D0}.Debug|Any CPU.ActiveCfg = Debug|Any CPU
		{49F3E580-2555-4EC8-B30A-13786049B5D0}.Debug|Any CPU.Build.0 = Debug|Any CPU
		{49F3E580-2555-4EC8-B30A-13786049B5D0}.Release|Any CPU.ActiveCfg = Release|Any CPU
		{49F3E580-2555-4EC8-B30A-13786049B5D0}.Release|Any CPU.Build.0 = Release|Any CPU
	EndGlobalSection
	GlobalSection(SolutionProperties) = preSolution
		HideSolutionNode = FALSE
	EndGlobalSection
EndGlobal
